// !$*UTF8*$!
{
	archiveVersion = 1;
	classes = {
	};
	objectVersion = 50;
	objects = {

/* Begin PBXBuildFile section */
		F2971A9524FE984500955157 /* AppDelegate.swift in Sources */ = {isa = PBXBuildFile; fileRef = F2971A9424FE984500955157 /* AppDelegate.swift */; };
		F2971A9724FE984500955157 /* SceneDelegate.swift in Sources */ = {isa = PBXBuildFile; fileRef = F2971A9624FE984500955157 /* SceneDelegate.swift */; };
		F2971A9924FE984500955157 /* ViewController.swift in Sources */ = {isa = PBXBuildFile; fileRef = F2971A9824FE984500955157 /* ViewController.swift */; };
		F2971A9C24FE984500955157 /* Main.storyboard in Resources */ = {isa = PBXBuildFile; fileRef = F2971A9A24FE984500955157 /* Main.storyboard */; };
		F2971A9E24FE984700955157 /* Assets.xcassets in Resources */ = {isa = PBXBuildFile; fileRef = F2971A9D24FE984700955157 /* Assets.xcassets */; };
		F2971AA124FE984700955157 /* LaunchScreen.storyboard in Resources */ = {isa = PBXBuildFile; fileRef = F2971A9F24FE984700955157 /* LaunchScreen.storyboard */; };
		F2971AA924FE98C100955157 /* MyTableViewCell.xib in Resources */ = {isa = PBXBuildFile; fileRef = F2971AA824FE98C100955157 /* MyTableViewCell.xib */; };
		F2971AAB24FE9C2100955157 /* MyTableViewCell.swift in Sources */ = {isa = PBXBuildFile; fileRef = F2971AAA24FE9C2100955157 /* MyTableViewCell.swift */; };
/* End PBXBuildFile section */

/* Begin PBXFileReference section */
		F2971A9124FE984500955157 /* dynamic_table_view_tutorial.app */ = {isa = PBXFileReference; explicitFileType = wrapper.application; includeInIndex = 0; path = dynamic_table_view_tutorial.app; sourceTree = BUILT_PRODUCTS_DIR; };
		F2971A9424FE984500955157 /* AppDelegate.swift */ = {isa = PBXFileReference; lastKnownFileType = sourcecode.swift; path = AppDelegate.swift; sourceTree = "<group>"; };
		F2971A9624FE984500955157 /* SceneDelegate.swift */ = {isa = PBXFileReference; lastKnownFileType = sourcecode.swift; path = SceneDelegate.swift; sourceTree = "<group>"; };
		F2971A9824FE984500955157 /* ViewController.swift */ = {isa = PBXFileReference; lastKnownFileType = sourcecode.swift; path = ViewController.swift; sourceTree = "<group>"; };
		F2971A9B24FE984500955157 /* Base */ = {isa = PBXFileReference; lastKnownFileType = file.storyboard; name = Base; path = Base.lproj/Main.storyboard; sourceTree = "<group>"; };
		F2971A9D24FE984700955157 /* Assets.xcassets */ = {isa = PBXFileReference; lastKnownFileType = folder.assetcatalog; path = Assets.xcassets; sourceTree = "<group>"; };
		F2971AA024FE984700955157 /* Base */ = {isa = PBXFileReference; lastKnownFileType = file.storyboard; name = Base; path = Base.lproj/LaunchScreen.storyboard; sourceTree = "<group>"; };
		F2971AA224FE984700955157 /* Info.plist */ = {isa = PBXFileReference; lastKnownFileType = text.plist.xml; path = Info.plist; sourceTree = "<group>"; };
		F2971AA824FE98C100955157 /* MyTableViewCell.xib */ = {isa = PBXFileReference; lastKnownFileType = file.xib; path = MyTableViewCell.xib; sourceTree = "<group>"; };
		F2971AAA24FE9C2100955157 /* MyTableViewCell.swift */ = {isa = PBXFileReference; lastKnownFileType = sourcecode.swift; path = MyTableViewCell.swift; sourceTree = "<group>"; };
/* End PBXFileReference section */

/* Begin PBXFrameworksBuildPhase section */
		F2971A8E24FE984500955157 /* Frameworks */ = {
			isa = PBXFrameworksBuildPhase;
			buildActionMask = 2147483647;
			files = (
			);
			runOnlyForDeploymentPostprocessing = 0;
		};
/* End PBXFrameworksBuildPhase section */

/* Begin PBXGroup section */
		F2971A8824FE984500955157 = {
			isa = PBXGroup;
			children = (
				F2971A9324FE984500955157 /* dynamic_table_view_tutorial */,
				F2971A9224FE984500955157 /* Products */,
			);
			sourceTree = "<group>";
		};
		F2971A9224FE984500955157 /* Products */ = {
			isa = PBXGroup;
			children = (
				F2971A9124FE984500955157 /* dynamic_table_view_tutorial.app */,
			);
			name = Products;
			sourceTree = "<group>";
		};
		F2971A9324FE984500955157 /* dynamic_table_view_tutorial */ = {
			isa = PBXGroup;
			children = (
				F2971A9424FE984500955157 /* AppDelegate.swift */,
				F2971A9624FE984500955157 /* SceneDelegate.swift */,
				F2971A9824FE984500955157 /* ViewController.swift */,
				F2971A9A24FE984500955157 /* Main.storyboard */,
				F2971AAA24FE9C2100955157 /* MyTableViewCell.swift */,
				F2971AA824FE98C100955157 /* MyTableViewCell.xib */,
				F2971A9D24FE984700955157 /* Assets.xcassets */,
				F2971A9F24FE984700955157 /* LaunchScreen.storyboard */,
				F2971AA224FE984700955157 /* Info.plist */,
			);
			path = dynamic_table_view_tutorial;
			sourceTree = "<group>";
		};
/* End PBXGroup section */

/* Begin PBXNativeTarget section */
		F2971A9024FE984500955157 /* dynamic_table_view_tutorial */ = {
			isa = PBXNativeTarget;
			buildConfigurationList = F2971AA524FE984700955157 /* Build configuration list for PBXNativeTarget "dynamic_table_view_tutorial" */;
			buildPhases = (
				F2971A8D24FE984500955157 /* Sources */,
				F2971A8E24FE984500955157 /* Frameworks */,
				F2971A8F24FE984500955157 /* Resources */,
			);
			buildRules = (
			);
			dependencies = (
			);
			name = dynamic_table_view_tutorial;
			productName = dynamic_table_view_tutorial;
			productReference = F2971A9124FE984500955157 /* dynamic_table_view_tutorial.app */;
			productType = "com.apple.product-type.application";
		};
/* End PBXNativeTarget section */

/* Begin PBXProject section */
		F2971A8924FE984500955157 /* Project object */ = {
			isa = PBXProject;
			attributes = {
				LastSwiftUpdateCheck = 1160;
				LastUpgradeCheck = 1160;
				ORGANIZATIONNAME = Tuentuenna;
				TargetAttributes = {
					F2971A9024FE984500955157 = {
						CreatedOnToolsVersion = 11.6;
					};
				};
			};
			buildConfigurationList = F2971A8C24FE984500955157 /* Build configuration list for PBXProject "dynamic_table_view_tutorial" */;
			compatibilityVersion = "Xcode 9.3";
			developmentRegion = en;
			hasScannedForEncodings = 0;
			knownRegions = (
				en,
				Base,
			);
			mainGroup = F2971A8824FE984500955157;
			productRefGroup = F2971A9224FE984500955157 /* Products */;
			projectDirPath = "";
			projectRoot = "";
			targets = (
				F2971A9024FE984500955157 /* dynamic_table_view_tutorial */,
			);
		};
/* End PBXProject section */

/* Begin PBXResourcesBuildPhase section */
		F2971A8F24FE984500955157 /* Resources */ = {
			isa = PBXResourcesBuildPhase;
			buildActionMask = 2147483647;
			files = (
				F2971AA124FE984700955157 /* LaunchScreen.storyboard in Resources */,
				F2971AA924FE98C100955157 /* MyTableViewCell.xib in Resources */,
				F2971A9E24FE984700955157 /* Assets.xcassets in Resources */,
				F2971A9C24FE984500955157 /* Main.storyboard in Resources */,
			);
			runOnlyForDeploymentPostprocessing = 0;
		};
/* End PBXResourcesBuildPhase section */

/* Begin PBXSourcesBuildPhase section */
		F2971A8D24FE984500955157 /* Sources */ = {
			isa = PBXSourcesBuildPhase;
			buildActionMask = 2147483647;
			files = (
				F2971A9924FE984500955157 /* ViewController.swift in Sources */,
				F2971AAB24FE9C2100955157 /* MyTableViewCell.swift in Sources */,
				F2971A9524FE984500955157 /* AppDelegate.swift in Sources */,
				F2971A9724FE984500955157 /* SceneDelegate.swift in Sources */,
			);
			runOnlyForDeploymentPostprocessing = 0;
		};
/* End PBXSourcesBuildPhase section */

/* Begin PBXVariantGroup section */
		F2971A9A24FE984500955157 /* Main.storyboard */ = {
			isa = PBXVariantGroup;
			children = (
				F2971A9B24FE984500955157 /* Base */,
			);
			name = Main.storyboard;
			sourceTree = "<group>";
		};
		F2971A9F24FE984700955157 /* LaunchScreen.storyboard */ = {
			isa = PBXVariantGroup;
			children = (
				F2971AA024FE984700955157 /* Base */,
			);
			name = LaunchScreen.storyboard;
			sourceTree = "<group>";
		};
/* End PBXVariantGroup section */

/* Begin XCBuildConfiguration section */
		F2971AA324FE984700955157 /* Debug */ = {
			isa = XCBuildConfiguration;
			buildSettings = {
				ALWAYS_SEARCH_USER_PATHS = NO;
				CLANG_ANALYZER_NONNULL = YES;
				CLANG_ANALYZER_NUMBER_OBJECT_CONVERSION = YES_AGGRESSIVE;
				CLANG_CXX_LANGUAGE_STANDARD = "gnu++14";
				CLANG_CXX_LIBRARY = "libc++";
				CLANG_ENABLE_MODULES = YES;
				CLANG_ENABLE_OBJC_ARC = YES;
				CLANG_ENABLE_OBJC_WEAK = YES;
				CLANG_WARN_BLOCK_CAPTURE_AUTORELEASING = YES;
				CLANG_WARN_BOOL_CONVERSION = YES;
				CLANG_WARN_COMMA = YES;
				CLANG_WARN_CONSTANT_CONVERSION = YES;
				CLANG_WARN_DEPRECATED_OBJC_IMPLEMENTATIONS = YES;
				CLANG_WARN_DIRECT_OBJC_ISA_USAGE = YES_ERROR;
				CLANG_WARN_DOCUMENTATION_COMMENTS = YES;
				CLANG_WARN_EMPTY_BODY = YES;
				CLANG_WARN_ENUM_CONVERSION = YES;
				CLANG_WARN_INFINITE_RECURSION = YES;
				CLANG_WARN_INT_CONVERSION = YES;
				CLANG_WARN_NON_LITERAL_NULL_CONVERSION = YES;
				CLANG_WARN_OBJC_IMPLICIT_RETAIN_SELF = YES;
				CLANG_WARN_OBJC_LITERAL_CONVERSION = YES;
				CLANG_WARN_OBJC_ROOT_CLASS = YES_ERROR;
				CLANG_WARN_RANGE_LOOP_ANALYSIS = YES;
				CLANG_WARN_STRICT_PROTOTYPES = YES;
				CLANG_WARN_SUSPICIOUS_MOVE = YES;
				CLANG_WARN_UNGUARDED_AVAILABILITY = YES_AGGRESSIVE;
				CLANG_WARN_UNREACHABLE_CODE = YES;
				CLANG_WARN__DUPLICATE_METHOD_MATCH = YES;
				COPY_PHASE_STRIP = NO;
				DEBUG_INFORMATION_FORMAT = dwarf;
				ENABLE_STRICT_OBJC_MSGSEND = YES;
				ENABLE_TESTABILITY = YES;
				GCC_C_LANGUAGE_STANDARD = gnu11;
				GCC_DYNAMIC_NO_PIC = NO;
				GCC_NO_COMMON_BLOCKS = YES;
				GCC_OPTIMIZATION_LEVEL = 0;
				GCC_PREPROCESSOR_DEFINITIONS = (
					"DEBUG=1",
					"$(inherited)",
				);
				GCC_WARN_64_TO_32_BIT_CONVERSION = YES;
				GCC_WARN_ABOUT_RETURN_TYPE = YES_ERROR;
				GCC_WARN_UNDECLARED_SELECTOR = YES;
				GCC_WARN_UNINITIALIZED_AUTOS = YES_AGGRESSIVE;
				GCC_WARN_UNUSED_FUNCTION = YES;
				GCC_WARN_UNUSED_VARIABLE = YES;
				IPHONEOS_DEPLOYMENT_TARGET = 13.6;
				MTL_ENABLE_DEBUG_INFO = INCLUDE_SOURCE;
				MTL_FAST_MATH = YES;
				ONLY_ACTIVE_ARCH = YES;
				SDKROOT = iphoneos;
				SWIFT_ACTIVE_COMPILATION_CONDITIONS = DEBUG;
				SWIFT_OPTIMIZATION_LEVEL = "-Onone";
			};
			name = Debug;
		};
		F2971AA424FE984700955157 /* Release */ = {
			isa = XCBuildConfiguration;
			buildSettings = {
				ALWAYS_SEARCH_USER_PATHS = NO;
				CLANG_ANALYZER_NONNULL = YES;
				CLANG_ANALYZER_NUMBER_OBJECT_CONVERSION = YES_AGGRESSIVE;
				CLANG_CXX_LANGUAGE_STANDARD = "gnu++14";
				CLANG_CXX_LIBRARY = "libc++";
				CLANG_ENABLE_MODULES = YES;
				CLANG_ENABLE_OBJC_ARC = YES;
				CLANG_ENABLE_OBJC_WEAK = YES;
				CLANG_WARN_BLOCK_CAPTURE_AUTORELEASING = YES;
				CLANG_WARN_BOOL_CONVERSION = YES;
				CLANG_WARN_COMMA = YES;
				CLANG_WARN_CONSTANT_CONVERSION = YES;
				CLANG_WARN_DEPRECATED_OBJC_IMPLEMENTATIONS = YES;
				CLANG_WARN_DIRECT_OBJC_ISA_USAGE = YES_ERROR;
				CLANG_WARN_DOCUMENTATION_COMMENTS = YES;
				CLANG_WARN_EMPTY_BODY = YES;
				CLANG_WARN_ENUM_CONVERSION = YES;
				CLANG_WARN_INFINITE_RECURSION = YES;
				CLANG_WARN_INT_CONVERSION = YES;
				CLANG_WARN_NON_LITERAL_NULL_CONVERSION = YES;
				CLANG_WARN_OBJC_IMPLICIT_RETAIN_SELF = YES;
				CLANG_WARN_OBJC_LITERAL_CONVERSION = YES;
				CLANG_WARN_OBJC_ROOT_CLASS = YES_ERROR;
				CLANG_WARN_RANGE_LOOP_ANALYSIS = YES;
				CLANG_WARN_STRICT_PROTOTYPES = YES;
				CLANG_WARN_SUSPICIOUS_MOVE = YES;
				CLANG_WARN_UNGUARDED_AVAILABILITY = YES_AGGRESSIVE;
				CLANG_WARN_UNREACHABLE_CODE = YES;
				CLANG_WARN__DUPLICATE_METHOD_MATCH = YES;
				COPY_PHASE_STRIP = NO;
				DEBUG_INFORMATION_FORMAT = "dwarf-with-dsym";
				ENABLE_NS_ASSERTIONS = NO;
				ENABLE_STRICT_OBJC_MSGSEND = YES;
				GCC_C_LANGUAGE_STANDARD = gnu11;
				GCC_NO_COMMON_BLOCKS = YES;
				GCC_WARN_64_TO_32_BIT_CONVERSION = YES;
				GCC_WARN_ABOUT_RETURN_TYPE = YES_ERROR;
				GCC_WARN_UNDECLARED_SELECTOR = YES;
				GCC_WARN_UNINITIALIZED_AUTOS = YES_AGGRESSIVE;
				GCC_WARN_UNUSED_FUNCTION = YES;
				GCC_WARN_UNUSED_VARIABLE = YES;
				IPHONEOS_DEPLOYMENT_TARGET = 13.6;
				MTL_ENABLE_DEBUG_INFO = NO;
				MTL_FAST_MATH = YES;
				SDKROOT = iphoneos;
				SWIFT_COMPILATION_MODE = wholemodule;
				SWIFT_OPTIMIZATION_LEVEL = "-O";
				VALIDATE_PRODUCT = YES;
			};
			name = Release;
		};
		F2971AA624FE984700955157 /* Debug */ = {
			isa = XCBuildConfiguration;
			buildSettings = {
				ASSETCATALOG_COMPILER_APPICON_NAME = AppIcon;
				CODE_SIGN_STYLE = Automatic;
				DEVELOPMENT_TEAM = 67XDG42679;
				INFOPLIST_FILE = dynamic_table_view_tutorial/Info.plist;
				LD_RUNPATH_SEARCH_PATHS = (
					"$(inherited)",
					"@executable_path/Frameworks",
				);
				PRODUCT_BUNDLE_IDENTIFIER = "com.tuentuenna.dynamic-table-view-tutorial";
				PRODUCT_NAME = "$(TARGET_NAME)";
				SWIFT_VERSION = 5.0;
				TARGETED_DEVICE_FAMILY = "1,2";
			};
			name = Debug;
		};
		F2971AA724FE984700955157 /* Release */ = {
			isa = XCBuildConfiguration;
			buildSettings = {
				ASSETCATALOG_COMPILER_APPICON_NAME = AppIcon;
				CODE_SIGN_STYLE = Automatic;
				DEVELOPMENT_TEAM = 67XDG42679;
				INFOPLIST_FILE = dynamic_table_view_tutorial/Info.plist;
				LD_RUNPATH_SEARCH_PATHS = (
					"$(inherited)",
					"@executable_path/Frameworks",
				);
				PRODUCT_BUNDLE_IDENTIFIER = "com.tuentuenna.dynamic-table-view-tutorial";
				PRODUCT_NAME = "$(TARGET_NAME)";
				SWIFT_VERSION = 5.0;
				TARGETED_DEVICE_FAMILY = "1,2";
			};
			name = Release;
		};
/* End XCBuildConfiguration section */

/* Begin XCConfigurationList section */
		F2971A8C24FE984500955157 /* Build configuration list for PBXProject "dynamic_table_view_tutorial" */ = {
			isa = XCConfigurationList;
			buildConfigurations = (
				F2971AA324FE984700955157 /* Debug */,
				F2971AA424FE984700955157 /* Release */,
			);
			defaultConfigurationIsVisible = 0;
			defaultConfigurationName = Release;
		};
		F2971AA524FE984700955157 /* Build configuration list for PBXNativeTarget "dynamic_table_view_tutorial" */ = {
			isa = XCConfigurationList;
			buildConfigurations = (
				F2971AA624FE984700955157 /* Debug */,
				F2971AA724FE984700955157 /* Release */,
			);
			defaultConfigurationIsVisible = 0;
			defaultConfigurationName = Release;
		};
/* End XCConfigurationList section */
	};
	rootObject = F2971A8924FE984500955157 /* Project object */;
}
